
Microsoft Visual Studio Solution File, Format Version 12.00
# Visual Studio Version 17
VisualStudioVersion = 17.8.34511.84
MinimumVisualStudioVersion = 10.0.40219.1
Project("{FAE04EC0-301F-11D3-BF4B-00C04F79EFBC}") = "pingServer", "pingServer\pingServer.csproj", "{F146B6F5-1577-4A74-B36D-4AACF5D601A9}"
EndProject
Global
	GlobalSection(SolutionConfigurationPlatforms) = preSolution
		Debug|Any CPU = Debug|Any CPU
		Release|Any CPU = Release|Any CPU
	EndGlobalSection
	GlobalSection(ProjectConfigurationPlatforms) = postSolution
		{F146B6F5-1577-4A74-B36D-4AACF5D601A9}.Debug|Any CPU.ActiveCfg = Debug|Any CPU
		{F146B6F5-1577-4A74-B36D-4AACF5D601A9}.Debug|Any CPU.Build.0 = Debug|Any CPU
		{F146B6F5-1577-4A74-B36D-4AACF5D601A9}.Release|Any CPU.ActiveCfg = Release|Any CPU
		{F146B6F5-1577-4A74-B36D-4AACF5D601A9}.Release|Any CPU.Build.0 = Release|Any CPU
	EndGlobalSection
	GlobalSection(SolutionProperties) = preSolution
		HideSolutionNode = FALSE
	EndGlobalSection
	GlobalSection(ExtensibilityGlobals) = postSolution
		SolutionGuid = {D02C32CF-57A7-458B-A208-C5D80B889394}
	EndGlobalSection
EndGlobal
